// !$*UTF8*$!
{
	archiveVersion = 1;
	classes = {
	};
	objectVersion = 46;
	objects = {

/* Begin PBXBuildFile section */
		CF1D1E951B18CB0500EC7373 /* AppDelegate.swift in Sources */ = {isa = PBXBuildFile; fileRef = CF1D1E941B18CB0500EC7373 /* AppDelegate.swift */; };
		CF1D1E971B18CB0500EC7373 /* ViewController.swift in Sources */ = {isa = PBXBuildFile; fileRef = CF1D1E961B18CB0500EC7373 /* ViewController.swift */; };
		CF1D1E9A1B18CB0500EC7373 /* Main.storyboard in Resources */ = {isa = PBXBuildFile; fileRef = CF1D1E981B18CB0500EC7373 /* Main.storyboard */; };
		CF1D1E9C1B18CB0500EC7373 /* Images.xcassets in Resources */ = {isa = PBXBuildFile; fileRef = CF1D1E9B1B18CB0500EC7373 /* Images.xcassets */; };
		CF1D1E9F1B18CB0500EC7373 /* LaunchScreen.xib in Resources */ = {isa = PBXBuildFile; fileRef = CF1D1E9D1B18CB0500EC7373 /* LaunchScreen.xib */; };
		CF1D1EAB1B18CB0500EC7373 /* massconverterTests.swift in Sources */ = {isa = PBXBuildFile; fileRef = CF1D1EAA1B18CB0500EC7373 /* massconverterTests.swift */; };
/* End PBXBuildFile section */

/* Begin PBXContainerItemProxy section */
		CF1D1EA51B18CB0500EC7373 /* PBXContainerItemProxy */ = {
			isa = PBXContainerItemProxy;
			containerPortal = CF1D1E871B18CB0500EC7373 /* Project object */;
			proxyType = 1;
			remoteGlobalIDString = CF1D1E8E1B18CB0500EC7373;
			remoteInfo = massconverter;
		};
/* End PBXContainerItemProxy section */

/* Begin PBXFileReference section */
		CF1D1E8F1B18CB0500EC7373 /* massconverter.app */ = {isa = PBXFileReference; explicitFileType = wrapper.application; includeInIndex = 0; path = massconverter.app; sourceTree = BUILT_PRODUCTS_DIR; };
		CF1D1E931B18CB0500EC7373 /* Info.plist */ = {isa = PBXFileReference; lastKnownFileType = text.plist.xml; path = Info.plist; sourceTree = "<group>"; };
		CF1D1E941B18CB0500EC7373 /* AppDelegate.swift */ = {isa = PBXFileReference; lastKnownFileType = sourcecode.swift; path = AppDelegate.swift; sourceTree = "<group>"; };
		CF1D1E961B18CB0500EC7373 /* ViewController.swift */ = {isa = PBXFileReference; lastKnownFileType = sourcecode.swift; path = ViewController.swift; sourceTree = "<group>"; };
		CF1D1E991B18CB0500EC7373 /* Base */ = {isa = PBXFileReference; lastKnownFileType = file.storyboard; name = Base; path = Base.lproj/Main.storyboard; sourceTree = "<group>"; };
		CF1D1E9B1B18CB0500EC7373 /* Images.xcassets */ = {isa = PBXFileReference; lastKnownFileType = folder.assetcatalog; path = Images.xcassets; sourceTree = "<group>"; };
		CF1D1E9E1B18CB0500EC7373 /* Base */ = {isa = PBXFileReference; lastKnownFileType = file.xib; name = Base; path = Base.lproj/LaunchScreen.xib; sourceTree = "<group>"; };
		CF1D1EA41B18CB0500EC7373 /* massconverterTests.xctest */ = {isa = PBXFileReference; explicitFileType = wrapper.cfbundle; includeInIndex = 0; path = massconverterTests.xctest; sourceTree = BUILT_PRODUCTS_DIR; };
		CF1D1EA91B18CB0500EC7373 /* Info.plist */ = {isa = PBXFileReference; lastKnownFileType = text.plist.xml; path = Info.plist; sourceTree = "<group>"; };
		CF1D1EAA1B18CB0500EC7373 /* massconverterTests.swift */ = {isa = PBXFileReference; lastKnownFileType = sourcecode.swift; path = massconverterTests.swift; sourceTree = "<group>"; };
/* End PBXFileReference section */

/* Begin PBXFrameworksBuildPhase section */
		CF1D1E8C1B18CB0500EC7373 /* Frameworks */ = {
			isa = PBXFrameworksBuildPhase;
			buildActionMask = 2147483647;
			files = (
			);
			runOnlyForDeploymentPostprocessing = 0;
		};
		CF1D1EA11B18CB0500EC7373 /* Frameworks */ = {
			isa = PBXFrameworksBuildPhase;
			buildActionMask = 2147483647;
			files = (
			);
			runOnlyForDeploymentPostprocessing = 0;
		};
/* End PBXFrameworksBuildPhase section */

/* Begin PBXGroup section */
		CF1D1E861B18CB0500EC7373 = {
			isa = PBXGroup;
			children = (
				CF1D1E911B18CB0500EC7373 /* massconverter */,
				CF1D1EA71B18CB0500EC7373 /* massconverterTests */,
				CF1D1E901B18CB0500EC7373 /* Products */,
			);
			sourceTree = "<group>";
		};
		CF1D1E901B18CB0500EC7373 /* Products */ = {
			isa = PBXGroup;
			children = (
				CF1D1E8F1B18CB0500EC7373 /* massconverter.app */,
				CF1D1EA41B18CB0500EC7373 /* massconverterTests.xctest */,
			);
			name = Products;
			sourceTree = "<group>";
		};
		CF1D1E911B18CB0500EC7373 /* massconverter */ = {
			isa = PBXGroup;
			children = (
				CF1D1E941B18CB0500EC7373 /* AppDelegate.swift */,
				CF1D1E961B18CB0500EC7373 /* ViewController.swift */,
				CF1D1E981B18CB0500EC7373 /* Main.storyboard */,
				CF1D1E9B1B18CB0500EC7373 /* Images.xcassets */,
				CF1D1E9D1B18CB0500EC7373 /* LaunchScreen.xib */,
				CF1D1E921B18CB0500EC7373 /* Supporting Files */,
			);
			path = massconverter;
			sourceTree = "<group>";
		};
		CF1D1E921B18CB0500EC7373 /* Supporting Files */ = {
			isa = PBXGroup;
			children = (
				CF1D1E931B18CB0500EC7373 /* Info.plist */,
			);
			name = "Supporting Files";
			sourceTree = "<group>";
		};
		CF1D1EA71B18CB0500EC7373 /* massconverterTests */ = {
			isa = PBXGroup;
			children = (
				CF1D1EAA1B18CB0500EC7373 /* massconverterTests.swift */,
				CF1D1EA81B18CB0500EC7373 /* Supporting Files */,
			);
			path = massconverterTests;
			sourceTree = "<group>";
		};
		CF1D1EA81B18CB0500EC7373 /* Supporting Files */ = {
			isa = PBXGroup;
			children = (
				CF1D1EA91B18CB0500EC7373 /* Info.plist */,
			);
			name = "Supporting Files";
			sourceTree = "<group>";
		};
/* End PBXGroup section */

/* Begin PBXNativeTarget section */
		CF1D1E8E1B18CB0500EC7373 /* massconverter */ = {
			isa = PBXNativeTarget;
			buildConfigurationList = CF1D1EAE1B18CB0500EC7373 /* Build configuration list for PBXNativeTarget "massconverter" */;
			buildPhases = (
				CF1D1E8B1B18CB0500EC7373 /* Sources */,
				CF1D1E8C1B18CB0500EC7373 /* Frameworks */,
				CF1D1E8D1B18CB0500EC7373 /* Resources */,
			);
			buildRules = (
			);
			dependencies = (
			);
			name = massconverter;
			productName = massconverter;
			productReference = CF1D1E8F1B18CB0500EC7373 /* massconverter.app */;
			productType = "com.apple.product-type.application";
		};
		CF1D1EA31B18CB0500EC7373 /* massconverterTests */ = {
			isa = PBXNativeTarget;
			buildConfigurationList = CF1D1EB11B18CB0500EC7373 /* Build configuration list for PBXNativeTarget "massconverterTests" */;
			buildPhases = (
				CF1D1EA01B18CB0500EC7373 /* Sources */,
				CF1D1EA11B18CB0500EC7373 /* Frameworks */,
				CF1D1EA21B18CB0500EC7373 /* Resources */,
			);
			buildRules = (
			);
			dependencies = (
				CF1D1EA61B18CB0500EC7373 /* PBXTargetDependency */,
			);
			name = massconverterTests;
			productName = massconverterTests;
			productReference = CF1D1EA41B18CB0500EC7373 /* massconverterTests.xctest */;
			productType = "com.apple.product-type.bundle.unit-test";
		};
/* End PBXNativeTarget section */

/* Begin PBXProject section */
		CF1D1E871B18CB0500EC7373 /* Project object */ = {
			isa = PBXProject;
			attributes = {
				LastUpgradeCheck = 0630;
				ORGANIZATIONNAME = GemmaShearer;
				TargetAttributes = {
					CF1D1E8E1B18CB0500EC7373 = {
						CreatedOnToolsVersion = 6.3.1;
					};
					CF1D1EA31B18CB0500EC7373 = {
						CreatedOnToolsVersion = 6.3.1;
						TestTargetID = CF1D1E8E1B18CB0500EC7373;
					};
				};
			};
			buildConfigurationList = CF1D1E8A1B18CB0500EC7373 /* Build configuration list for PBXProject "massconverter" */;
			compatibilityVersion = "Xcode 3.2";
			developmentRegion = English;
			hasScannedForEncodings = 0;
			knownRegions = (
				en,
				Base,
			);
			mainGroup = CF1D1E861B18CB0500EC7373;
			productRefGroup = CF1D1E901B18CB0500EC7373 /* Products */;
			projectDirPath = "";
			projectRoot = "";
			targets = (
				CF1D1E8E1B18CB0500EC7373 /* massconverter */,
				CF1D1EA31B18CB0500EC7373 /* massconverterTests */,
			);
		};
/* End PBXProject section */

/* Begin PBXResourcesBuildPhase section */
		CF1D1E8D1B18CB0500EC7373 /* Resources */ = {
			isa = PBXResourcesBuildPhase;
			buildActionMask = 2147483647;
			files = (
				CF1D1E9A1B18CB0500EC7373 /* Main.storyboard in Resources */,
				CF1D1E9F1B18CB0500EC7373 /* LaunchScreen.xib in Resources */,
				CF1D1E9C1B18CB0500EC7373 /* Images.xcassets in Resources */,
			);
			runOnlyForDeploymentPostprocessing = 0;
		};
		CF1D1EA21B18CB0500EC7373 /* Resources */ = {
			isa = PBXResourcesBuildPhase;
			buildActionMask = 2147483647;
			files = (
			);
			runOnlyForDeploymentPostprocessing = 0;
		};
/* End PBXResourcesBuildPhase section */

/* Begin PBXSourcesBuildPhase section */
		CF1D1E8B1B18CB0500EC7373 /* Sources */ = {
			isa = PBXSourcesBuildPhase;
			buildActionMask = 2147483647;
			files = (
				CF1D1E971B18CB0500EC7373 /* ViewController.swift in Sources */,
				CF1D1E951B18CB0500EC7373 /* AppDelegate.swift in Sources */,
			);
			runOnlyForDeploymentPostprocessing = 0;
		};
		CF1D1EA01B18CB0500EC7373 /* Sources */ = {
			isa = PBXSourcesBuildPhase;
			buildActionMask = 2147483647;
			files = (
				CF1D1EAB1B18CB0500EC7373 /* massconverterTests.swift in Sources */,
			);
			runOnlyForDeploymentPostprocessing = 0;
		};
/* End PBXSourcesBuildPhase section */

/* Begin PBXTargetDependency section */
		CF1D1EA61B18CB0500EC7373 /* PBXTargetDependency */ = {
			isa = PBXTargetDependency;
			target = CF1D1E8E1B18CB0500EC7373 /* massconverter */;
			targetProxy = CF1D1EA51B18CB0500EC7373 /* PBXContainerItemProxy */;
		};
/* End PBXTargetDependency section */

/* Begin PBXVariantGroup section */
		CF1D1E981B18CB0500EC7373 /* Main.storyboard */ = {
			isa = PBXVariantGroup;
			children = (
				CF1D1E991B18CB0500EC7373 /* Base */,
			);
			name = Main.storyboard;
			sourceTree = "<group>";
		};
		CF1D1E9D1B18CB0500EC7373 /* LaunchScreen.xib */ = {
			isa = PBXVariantGroup;
			children = (
				CF1D1E9E1B18CB0500EC7373 /* Base */,
			);
			name = LaunchScreen.xib;
			sourceTree = "<group>";
		};
/* End PBXVariantGroup section */

/* Begin XCBuildConfiguration section */
		CF1D1EAC1B18CB0500EC7373 /* Debug */ = {
			isa = XCBuildConfiguration;
			buildSettings = {
				ALWAYS_SEARCH_USER_PATHS = NO;
				CLANG_CXX_LANGUAGE_STANDARD = "gnu++0x";
				CLANG_CXX_LIBRARY = "libc++";
				CLANG_ENABLE_MODULES = YES;
				CLANG_ENABLE_OBJC_ARC = YES;
				CLANG_WARN_BOOL_CONVERSION = YES;
				CLANG_WARN_CONSTANT_CONVERSION = YES;
				CLANG_WARN_DIRECT_OBJC_ISA_USAGE = YES_ERROR;
				CLANG_WARN_EMPTY_BODY = YES;
				CLANG_WARN_ENUM_CONVERSION = YES;
				CLANG_WARN_INT_CONVERSION = YES;
				CLANG_WARN_OBJC_ROOT_CLASS = YES_ERROR;
				CLANG_WARN_UNREACHABLE_CODE = YES;
				CLANG_WARN__DUPLICATE_METHOD_MATCH = YES;
				"CODE_SIGN_IDENTITY[sdk=iphoneos*]" = "iPhone Developer";
				COPY_PHASE_STRIP = NO;
				DEBUG_INFORMATION_FORMAT = "dwarf-with-dsym";
				ENABLE_STRICT_OBJC_MSGSEND = YES;
				GCC_C_LANGUAGE_STANDARD = gnu99;
				GCC_DYNAMIC_NO_PIC = NO;
				GCC_NO_COMMON_BLOCKS = YES;
				GCC_OPTIMIZATION_LEVEL = 0;
				GCC_PREPROCESSOR_DEFINITIONS = (
					"DEBUG=1",
					"$(inherited)",
				);
				GCC_SYMBOLS_PRIVATE_EXTERN = NO;
				GCC_WARN_64_TO_32_BIT_CONVERSION = YES;
				GCC_WARN_ABOUT_RETURN_TYPE = YES_ERROR;
				GCC_WARN_UNDECLARED_SELECTOR = YES;
				GCC_WARN_UNINITIALIZED_AUTOS = YES_AGGRESSIVE;
				GCC_WARN_UNUSED_FUNCTION = YES;
				GCC_WARN_UNUSED_VARIABLE = YES;
				IPHONEOS_DEPLOYMENT_TARGET = 8.3;
				MTL_ENABLE_DEBUG_INFO = YES;
				ONLY_ACTIVE_ARCH = YES;
				SDKROOT = iphoneos;
				SWIFT_OPTIMIZATION_LEVEL = "-Onone";
				TARGETED_DEVICE_FAMILY = "1,2";
			};
			name = Debug;
		};
		CF1D1EAD1B18CB0500EC7373 /* Release */ = {
			isa = XCBuildConfiguration;
			buildSettings = {
				ALWAYS_SEARCH_USER_PATHS = NO;
				CLANG_CXX_LANGUAGE_STANDARD = "gnu++0x";
				CLANG_CXX_LIBRARY = "libc++";
				CLANG_ENABLE_MODULES = YES;
				CLANG_ENABLE_OBJC_ARC = YES;
				CLANG_WARN_BOOL_CONVERSION = YES;
				CLANG_WARN_CONSTANT_CONVERSION = YES;
				CLANG_WARN_DIRECT_OBJC_ISA_USAGE = YES_ERROR;
				CLANG_WARN_EMPTY_BODY = YES;
				CLANG_WARN_ENUM_CONVERSION = YES;
				CLANG_WARN_INT_CONVERSION = YES;
				CLANG_WARN_OBJC_ROOT_CLASS = YES_ERROR;
				CLANG_WARN_UNREACHABLE_CODE = YES;
				CLANG_WARN__DUPLICATE_METHOD_MATCH = YES;
				"CODE_SIGN_IDENTITY[sdk=iphoneos*]" = "iPhone Developer";
				COPY_PHASE_STRIP = NO;
				DEBUG_INFORMATION_FORMAT = "dwarf-with-dsym";
				ENABLE_NS_ASSERTIONS = NO;
				ENABLE_STRICT_OBJC_MSGSEND = YES;
				GCC_C_LANGUAGE_STANDARD = gnu99;
				GCC_NO_COMMON_BLOCKS = YES;
				GCC_WARN_64_TO_32_BIT_CONVERSION = YES;
				GCC_WARN_ABOUT_RETURN_TYPE = YES_ERROR;
				GCC_WARN_UNDECLARED_SELECTOR = YES;
				GCC_WARN_UNINITIALIZED_AUTOS = YES_AGGRESSIVE;
				GCC_WARN_UNUSED_FUNCTION = YES;
				GCC_WARN_UNUSED_VARIABLE = YES;
				IPHONEOS_DEPLOYMENT_TARGET = 8.3;
				MTL_ENABLE_DEBUG_INFO = NO;
				SDKROOT = iphoneos;
				TARGETED_DEVICE_FAMILY = "1,2";
				VALIDATE_PRODUCT = YES;
			};
			name = Release;
		};
		CF1D1EAF1B18CB0500EC7373 /* Debug */ = {
			isa = XCBuildConfiguration;
			buildSettings = {
				ASSETCATALOG_COMPILER_APPICON_NAME = AppIcon;
				INFOPLIST_FILE = massconverter/Info.plist;
				LD_RUNPATH_SEARCH_PATHS = "$(inherited) @executable_path/Frameworks";
				PRODUCT_NAME = "$(TARGET_NAME)";
			};
			name = Debug;
		};
		CF1D1EB01B18CB0500EC7373 /* Release */ = {
			isa = XCBuildConfiguration;
			buildSettings = {
				ASSETCATALOG_COMPILER_APPICON_NAME = AppIcon;
				INFOPLIST_FILE = massconverter/Info.plist;
				LD_RUNPATH_SEARCH_PATHS = "$(inherited) @executable_path/Frameworks";
				PRODUCT_NAME = "$(TARGET_NAME)";
			};
			name = Release;
		};
		CF1D1EB21B18CB0500EC7373 /* Debug */ = {
			isa = XCBuildConfiguration;
			buildSettings = {
				BUNDLE_LOADER = "$(TEST_HOST)";
				FRAMEWORK_SEARCH_PATHS = (
					"$(SDKROOT)/Developer/Library/Frameworks",
					"$(inherited)",
				);
				GCC_PREPROCESSOR_DEFINITIONS = (
					"DEBUG=1",
					"$(inherited)",
				);
				INFOPLIST_FILE = massconverterTests/Info.plist;
				LD_RUNPATH_SEARCH_PATHS = "$(inherited) @executable_path/Frameworks @loader_path/Frameworks";
				PRODUCT_NAME = "$(TARGET_NAME)";
				TEST_HOST = "$(BUILT_PRODUCTS_DIR)/massconverter.app/massconverter";
			};
			name = Debug;
		};
		CF1D1EB31B18CB0500EC7373 /* Release */ = {
			isa = XCBuildConfiguration;
			buildSettings = {
				BUNDLE_LOADER = "$(TEST_HOST)";
				FRAMEWORK_SEARCH_PATHS = (
					"$(SDKROOT)/Developer/Library/Frameworks",
					"$(inherited)",
				);
				INFOPLIST_FILE = massconverterTests/Info.plist;
				LD_RUNPATH_SEARCH_PATHS = "$(inherited) @executable_path/Frameworks @loader_path/Frameworks";
				PRODUCT_NAME = "$(TARGET_NAME)";
				TEST_HOST = "$(BUILT_PRODUCTS_DIR)/massconverter.app/massconverter";
			};
			name = Release;
		};
/* End XCBuildConfiguration section */

/* Begin XCConfigurationList section */
		CF1D1E8A1B18CB0500EC7373 /* Build configuration list for PBXProject "massconverter" */ = {
			isa = XCConfigurationList;
			buildConfigurations = (
				CF1D1EAC1B18CB0500EC7373 /* Debug */,
				CF1D1EAD1B18CB0500EC7373 /* Release */,
			);
			defaultConfigurationIsVisible = 0;
			defaultConfigurationName = Release;
		};
		CF1D1EAE1B18CB0500EC7373 /* Build configuration list for PBXNativeTarget "massconverter" */ = {
			isa = XCConfigurationList;
			buildConfigurations = (
				CF1D1EAF1B18CB0500EC7373 /* Debug */,
				CF1D1EB01B18CB0500EC7373 /* Release */,
			);
			defaultConfigurationIsVisible = 0;
		};
		CF1D1EB11B18CB0500EC7373 /* Build configuration list for PBXNativeTarget "massconverterTests" */ = {
			isa = XCConfigurationList;
			buildConfigurations = (
				CF1D1EB21B18CB0500EC7373 /* Debug */,
				CF1D1EB31B18CB0500EC7373 /* Release */,
			);
			defaultConfigurationIsVisible = 0;
		};
/* End XCConfigurationList section */
	};
	rootObject = CF1D1E871B18CB0500EC7373 /* Project object */;
}
